
Microsoft Visual Studio Solution File, Format Version 12.00
# Visual Studio Version 17
VisualStudioVersion = 17.14.36915.13 d17.14
MinimumVisualStudioVersion = 10.0.40219.1
Project("{FAE04EC0-301F-11D3-BF4B-00C04F79EFBC}") = "WebApplication8", "WebApplication8\WebApplication8.csproj", "{A82EF111-1B3C-4046-9016-0B35E8809FCB}"
EndProject
Global
	GlobalSection(SolutionConfigurationPlatforms) = preSolution
		Debug|Any CPU = Debug|Any CPU
		Release|Any CPU = Release|Any CPU
	EndGlobalSection
	GlobalSection(ProjectConfigurationPlatforms) = postSolution
		{A82EF111-1B3C-4046-9016-0B35E8809FCB}.Debug|Any CPU.ActiveCfg = Debug|Any CPU
		{A82EF111-1B3C-4046-9016-0B35E8809FCB}.Debug|Any CPU.Build.0 = Debug|Any CPU
		{A82EF111-1B3C-4046-9016-0B35E8809FCB}.Release|Any CPU.ActiveCfg = Release|Any CPU
		{A82EF111-1B3C-4046-9016-0B35E8809FCB}.Release|Any CPU.Build.0 = Release|Any CPU
	EndGlobalSection
	GlobalSection(SolutionProperties) = preSolution
		HideSolutionNode = FALSE
	EndGlobalSection
	GlobalSection(ExtensibilityGlobals) = postSolution
		SolutionGuid = {CA2DC294-754C-49D2-99FD-F27832CB68F0}
	EndGlobalSection
EndGlobal
